
Microsoft Visual Studio Solution File, Format Version 12.00
# Visual Studio 14
VisualStudioVersion = 14.0.25420.1
MinimumVisualStudioVersion = 10.0.40219.1
Project("{FAE04EC0-301F-11D3-BF4B-00C04F79EFBC}") = "EveOnline.EveMath", "EveOnline.EveMath\EveOnline.EveMath.csproj", "{13BF279D-A8CF-447A-86DC-6D4DDE93E9FB}"
EndProject
Project("{FAE04EC0-301F-11D3-BF4B-00C04F79EFBC}") = "EveOnline.EveMath.Test", "EveOnline.EveMath.Test\EveOnline.EveMath.Test.csproj", "{00705710-02F0-4407-AA3A-7942D7C5D33E}"
EndProject
Global
	GlobalSection(SolutionConfigurationPlatforms) = preSolution
		Debug|Any CPU = Debug|Any CPU
		Release|Any CPU = Release|Any CPU
	EndGlobalSection
	GlobalSection(ProjectConfigurationPlatforms) = postSolution
		{13BF279D-A8CF-447A-86DC-6D4DDE93E9FB}.Debug|Any CPU.ActiveCfg = Debug|Any CPU
		{13BF279D-A8CF-447A-86DC-6D4DDE93E9FB}.Debug|Any CPU.Build.0 = Debug|Any CPU
		{13BF279D-A8CF-447A-86DC-6D4DDE93E9FB}.Release|Any CPU.ActiveCfg = Release|Any CPU
		{13BF279D-A8CF-447A-86DC-6D4DDE93E9FB}.Release|Any CPU.Build.0 = Release|Any CPU
		{00705710-02F0-4407-AA3A-7942D7C5D33E}.Debug|Any CPU.ActiveCfg = Debug|Any CPU
		{00705710-02F0-4407-AA3A-7942D7C5D33E}.Debug|Any CPU.Build.0 = Debug|Any CPU
		{00705710-02F0-4407-AA3A-7942D7C5D33E}.Release|Any CPU.ActiveCfg = Release|Any CPU
		{00705710-02F0-4407-AA3A-7942D7C5D33E}.Release|Any CPU.Build.0 = Release|Any CPU
	EndGlobalSection
	GlobalSection(SolutionProperties) = preSolution
		HideSolutionNode = FALSE
	EndGlobalSection
EndGlobal
